
Microsoft Visual Studio Solution File, Format Version 12.00
# Visual Studio Version 16
VisualStudioVersion = 16.0.31613.86
MinimumVisualStudioVersion = 10.0.40219.1
Project("{FAE04EC0-301F-11D3-BF4B-00C04F79EFBC}") = "Cultivation-Way", "Cultivation-Way.csproj", "{9DBA9034-D05D-457A-B715-C0EB3912717A}"
EndProject
Global
	GlobalSection(SolutionConfigurationPlatforms) = preSolution
		Debug|Any CPU = Debug|Any CPU
		Release|Any CPU = Release|Any CPU
	EndGlobalSection
	GlobalSection(ProjectConfigurationPlatforms) = postSolution
		{9DBA9034-D05D-457A-B715-C0EB3912717A}.Debug|Any CPU.ActiveCfg = Debug|Any CPU
		{9DBA9034-D05D-457A-B715-C0EB3912717A}.Debug|Any CPU.Build.0 = Debug|Any CPU
		{9DBA9034-D05D-457A-B715-C0EB3912717A}.Release|Any CPU.ActiveCfg = Release|Any CPU
		{9DBA9034-D05D-457A-B715-C0EB3912717A}.Release|Any CPU.Build.0 = Release|Any CPU
	EndGlobalSection
	GlobalSection(SolutionProperties) = preSolution
		HideSolutionNode = FALSE
	EndGlobalSection
	GlobalSection(ExtensibilityGlobals) = postSolution
		SolutionGuid = {7AF8555A-72E0-4EF5-8546-5D463D363DB4}
	EndGlobalSection
EndGlobal
